
Microsoft Visual Studio Solution File, Format Version 12.00
# Visual Studio Version 17
VisualStudioVersion = 17.5.002.0
MinimumVisualStudioVersion = 10.0.40219.1
Project("{9A19103F-16F7-4668-BE54-9A1E7A4F7556}") = "FirstProject", "FirstProject.csproj", "{CCF9DC70-D36A-4478-B633-D051549B5F6E}"
EndProject
Global
	GlobalSection(SolutionConfigurationPlatforms) = preSolution
		Debug|Any CPU = Debug|Any CPU
		Release|Any CPU = Release|Any CPU
	EndGlobalSection
	GlobalSection(ProjectConfigurationPlatforms) = postSolution
		{CCF9DC70-D36A-4478-B633-D051549B5F6E}.Debug|Any CPU.ActiveCfg = Debug|Any CPU
		{CCF9DC70-D36A-4478-B633-D051549B5F6E}.Debug|Any CPU.Build.0 = Debug|Any CPU
		{CCF9DC70-D36A-4478-B633-D051549B5F6E}.Release|Any CPU.ActiveCfg = Release|Any CPU
		{CCF9DC70-D36A-4478-B633-D051549B5F6E}.Release|Any CPU.Build.0 = Release|Any CPU
	EndGlobalSection
	GlobalSection(SolutionProperties) = preSolution
		HideSolutionNode = FALSE
	EndGlobalSection
	GlobalSection(ExtensibilityGlobals) = postSolution
		SolutionGuid = {DFD49BBF-47C4-4F85-B3AE-4D3D48337253}
	EndGlobalSection
EndGlobal
